
Microsoft Visual Studio Solution File, Format Version 12.00
# Visual Studio Version 16
VisualStudioVersion = 16.0.31727.386
MinimumVisualStudioVersion = 10.0.40219.1
Project("{FAE04EC0-301F-11D3-BF4B-00C04F79EFBC}") = "BattleSister_bhaptics", "BattleSister_bhaptics.csproj", "{4CABA2DE-D5DF-423E-9AC8-3D443ACE3A05}"
EndProject
Global
	GlobalSection(SolutionConfigurationPlatforms) = preSolution
		Debug|Any CPU = Debug|Any CPU
		Release|Any CPU = Release|Any CPU
	EndGlobalSection
	GlobalSection(ProjectConfigurationPlatforms) = postSolution
		{4CABA2DE-D5DF-423E-9AC8-3D443ACE3A05}.Debug|Any CPU.ActiveCfg = Debug|Any CPU
		{4CABA2DE-D5DF-423E-9AC8-3D443ACE3A05}.Debug|Any CPU.Build.0 = Debug|Any CPU
		{4CABA2DE-D5DF-423E-9AC8-3D443ACE3A05}.Release|Any CPU.ActiveCfg = Release|Any CPU
		{4CABA2DE-D5DF-423E-9AC8-3D443ACE3A05}.Release|Any CPU.Build.0 = Release|Any CPU
	EndGlobalSection
	GlobalSection(SolutionProperties) = preSolution
		HideSolutionNode = FALSE
	EndGlobalSection
	GlobalSection(ExtensibilityGlobals) = postSolution
		SolutionGuid = {B29103D2-411A-411D-A244-9EDCBD0F1D6F}
	EndGlobalSection
EndGlobal
